
Microsoft Visual Studio Solution File, Format Version 12.00
# Visual Studio Version 16
VisualStudioVersion = 16.0.30711.63
MinimumVisualStudioVersion = 10.0.40219.1
Project("{9A19103F-16F7-4668-BE54-9A1E7A4F7556}") = "EFCore5NetCore3_Test", "EFCore5NetCore3_Test\EFCore5NetCore3_Test.csproj", "{D0A79F25-016C-4643-8AF7-835C8C4869E2}"
EndProject
Global
	GlobalSection(SolutionConfigurationPlatforms) = preSolution
		Debug|Any CPU = Debug|Any CPU
		Release|Any CPU = Release|Any CPU
	EndGlobalSection
	GlobalSection(ProjectConfigurationPlatforms) = postSolution
		{D0A79F25-016C-4643-8AF7-835C8C4869E2}.Debug|Any CPU.ActiveCfg = Debug|Any CPU
		{D0A79F25-016C-4643-8AF7-835C8C4869E2}.Debug|Any CPU.Build.0 = Debug|Any CPU
		{D0A79F25-016C-4643-8AF7-835C8C4869E2}.Release|Any CPU.ActiveCfg = Release|Any CPU
		{D0A79F25-016C-4643-8AF7-835C8C4869E2}.Release|Any CPU.Build.0 = Release|Any CPU
	EndGlobalSection
	GlobalSection(SolutionProperties) = preSolution
		HideSolutionNode = FALSE
	EndGlobalSection
	GlobalSection(ExtensibilityGlobals) = postSolution
		SolutionGuid = {7E14C164-B74D-44B9-BDBE-AD08AE8D6CC3}
	EndGlobalSection
EndGlobal
