
Microsoft Visual Studio Solution File, Format Version 12.00
# Visual Studio Version 16
VisualStudioVersion = 16.0.31729.503
MinimumVisualStudioVersion = 10.0.40219.1
Project("{FAE04EC0-301F-11D3-BF4B-00C04F79EFBC}") = "Ex1_Person", "E1_ModelPerson\Ex1_Person.csproj", "{B0C345BB-4B38-44CE-8D42-3E00545347BA}"
EndProject
Project("{FAE04EC0-301F-11D3-BF4B-00C04F79EFBC}") = "Ex2_ModelOne2One", "Ex2_ModelOne2One\Ex2_ModelOne2One.csproj", "{357AB96C-3EA3-4F76-B416-B265661E8BB6}"
EndProject
Project("{FAE04EC0-301F-11D3-BF4B-00C04F79EFBC}") = "Ex3_ModelOnetoMany", "Ex3_ModelManytoMany\Ex3_ModelOnetoMany.csproj", "{CD767834-7004-444D-B7D8-58AC359ED441}"
EndProject
Project("{FAE04EC0-301F-11D3-BF4B-00C04F79EFBC}") = "Ex4_ModelInvoice", "Ex4_ModelInvoice\Ex4_ModelInvoice.csproj", "{2B46097A-AE7A-4F87-A7D8-EC7F9865A681}"
EndProject
Project("{FAE04EC0-301F-11D3-BF4B-00C04F79EFBC}") = "Ex5_Store", "Ex5_Store\Ex5_Store.csproj", "{9E4E33FD-1644-4AD1-9F6C-42389F7D3647}"
EndProject
Project("{FAE04EC0-301F-11D3-BF4B-00C04F79EFBC}") = "Ex6_Course", "Ex6_Course\Ex6_Course.csproj", "{BF56F02E-DCEB-413D-8DE6-A1FFA71870A8}"
EndProject
Global
	GlobalSection(SolutionConfigurationPlatforms) = preSolution
		Debug|Any CPU = Debug|Any CPU
		Release|Any CPU = Release|Any CPU
	EndGlobalSection
	GlobalSection(ProjectConfigurationPlatforms) = postSolution
		{B0C345BB-4B38-44CE-8D42-3E00545347BA}.Debug|Any CPU.ActiveCfg = Debug|Any CPU
		{B0C345BB-4B38-44CE-8D42-3E00545347BA}.Debug|Any CPU.Build.0 = Debug|Any CPU
		{B0C345BB-4B38-44CE-8D42-3E00545347BA}.Release|Any CPU.ActiveCfg = Release|Any CPU
		{B0C345BB-4B38-44CE-8D42-3E00545347BA}.Release|Any CPU.Build.0 = Release|Any CPU
		{357AB96C-3EA3-4F76-B416-B265661E8BB6}.Debug|Any CPU.ActiveCfg = Debug|Any CPU
		{357AB96C-3EA3-4F76-B416-B265661E8BB6}.Debug|Any CPU.Build.0 = Debug|Any CPU
		{357AB96C-3EA3-4F76-B416-B265661E8BB6}.Release|Any CPU.ActiveCfg = Release|Any CPU
		{357AB96C-3EA3-4F76-B416-B265661E8BB6}.Release|Any CPU.Build.0 = Release|Any CPU
		{CD767834-7004-444D-B7D8-58AC359ED441}.Debug|Any CPU.ActiveCfg = Debug|Any CPU
		{CD767834-7004-444D-B7D8-58AC359ED441}.Debug|Any CPU.Build.0 = Debug|Any CPU
		{CD767834-7004-444D-B7D8-58AC359ED441}.Release|Any CPU.ActiveCfg = Release|Any CPU
		{CD767834-7004-444D-B7D8-58AC359ED441}.Release|Any CPU.Build.0 = Release|Any CPU
		{2B46097A-AE7A-4F87-A7D8-EC7F9865A681}.Debug|Any CPU.ActiveCfg = Debug|Any CPU
		{2B46097A-AE7A-4F87-A7D8-EC7F9865A681}.Debug|Any CPU.Build.0 = Debug|Any CPU
		{2B46097A-AE7A-4F87-A7D8-EC7F9865A681}.Release|Any CPU.ActiveCfg = Release|Any CPU
		{2B46097A-AE7A-4F87-A7D8-EC7F9865A681}.Release|Any CPU.Build.0 = Release|Any CPU
		{9E4E33FD-1644-4AD1-9F6C-42389F7D3647}.Debug|Any CPU.ActiveCfg = Debug|Any CPU
		{9E4E33FD-1644-4AD1-9F6C-42389F7D3647}.Debug|Any CPU.Build.0 = Debug|Any CPU
		{9E4E33FD-1644-4AD1-9F6C-42389F7D3647}.Release|Any CPU.ActiveCfg = Release|Any CPU
		{9E4E33FD-1644-4AD1-9F6C-42389F7D3647}.Release|Any CPU.Build.0 = Release|Any CPU
		{BF56F02E-DCEB-413D-8DE6-A1FFA71870A8}.Debug|Any CPU.ActiveCfg = Debug|Any CPU
		{BF56F02E-DCEB-413D-8DE6-A1FFA71870A8}.Debug|Any CPU.Build.0 = Debug|Any CPU
		{BF56F02E-DCEB-413D-8DE6-A1FFA71870A8}.Release|Any CPU.ActiveCfg = Release|Any CPU
		{BF56F02E-DCEB-413D-8DE6-A1FFA71870A8}.Release|Any CPU.Build.0 = Release|Any CPU
	EndGlobalSection
	GlobalSection(SolutionProperties) = preSolution
		HideSolutionNode = FALSE
	EndGlobalSection
	GlobalSection(ExtensibilityGlobals) = postSolution
		SolutionGuid = {27F1FF2D-7DAD-496C-889E-651C12319E4B}
	EndGlobalSection
EndGlobal
