
Microsoft Visual Studio Solution File, Format Version 12.00
# Visual Studio Version 16
VisualStudioVersion = 16.0.29613.14
MinimumVisualStudioVersion = 10.0.40219.1
Project("{2150E333-8FDC-42A3-9474-1A3956D46DE8}") = "EF6", "EF6", "{ECAF5926-A2D1-41A6-8C74-51081237E18B}"
EndProject
Project("{2150E333-8FDC-42A3-9474-1A3956D46DE8}") = "EFCore", "EFCore", "{896FF085-DCA9-4FCB-9C4D-E48BEA84194E}"
EndProject
Project("{2150E333-8FDC-42A3-9474-1A3956D46DE8}") = "V2", "V2", "{26303191-1400-454B-947B-C1155BE48087}"
EndProject
Project("{2150E333-8FDC-42A3-9474-1A3956D46DE8}") = "V3", "V3", "{2A2E6B71-F9C0-42A2-8081-FDC5EC525DA9}"
EndProject
Project("{FAE04EC0-301F-11D3-BF4B-00C04F79EFBC}") = "Sandbox_EF6", "Sandbox\Sandbox_EF6\Sandbox_EF6.csproj", "{01400A05-E3A7-4983-A44C-0F346E6FB203}"
EndProject
Project("{FAE04EC0-301F-11D3-BF4B-00C04F79EFBC}") = "Sandbox_EFCore", "Sandbox\Sandbox_EFCore\Sandbox_EFCore.csproj", "{B4A41735-E7A7-460C-80EC-EC8C87DB1D62}"
EndProject
Project("{2150E333-8FDC-42A3-9474-1A3956D46DE8}") = "Sandbox", "Sandbox", "{FA680FE6-5105-42DF-9F2D-AE96FAC16E77}"
EndProject
Project("{9A19103F-16F7-4668-BE54-9A1E7A4F7556}") = "EFCore2NetCore2", "EFCoreV2\EFCore2NetCore2\EFCore2NetCore2.csproj", "{810B0B64-3714-47D8-A308-4CDB99FFED2F}"
EndProject
Project("{9A19103F-16F7-4668-BE54-9A1E7A4F7556}") = "EFCore3NetCore2", "EFCoreV3\EFCore3NetCore2\EFCore3NetCore2.csproj", "{4379381F-5148-4AAC-B9B5-368C73039AFC}"
EndProject
Project("{9A19103F-16F7-4668-BE54-9A1E7A4F7556}") = "EFCore3NetCore3", "EFCoreV3\EFCore3NetCore3\EFCore3NetCore3.csproj", "{55D0EF96-3E57-48AF-B6B4-B2C91E9E3126}"
EndProject
Project("{9A19103F-16F7-4668-BE54-9A1E7A4F7556}") = "EFCore3NetStandard", "EFCoreV3\EFCore3NetStandard\EFCore3NetStandard.csproj", "{D62FC60C-5DD2-4BB0-B262-896B4A1B4056}"
EndProject
Project("{FAE04EC0-301F-11D3-BF4B-00C04F79EFBC}") = "EF6NetFramework", "EF6\EF6NetFramework\EF6NetFramework.csproj", "{C71ECE82-6914-4C09-ABCE-18925898694A}"
EndProject
Project("{FAE04EC0-301F-11D3-BF4B-00C04F79EFBC}") = "EFCore3NetFramework", "EFCoreV3\EFCore3NetFramework\EFCore3NetFramework.csproj", "{E44994DD-DCDD-4B25-B4B5-5DF7306A1789}"
EndProject
Project("{9A19103F-16F7-4668-BE54-9A1E7A4F7556}") = "EF6NetCore3", "EF6\EF6NetCore3\EF6NetCore3.csproj", "{EFC828D1-0006-4BF3-82FE-818864676FDA}"
EndProject
Project("{9A19103F-16F7-4668-BE54-9A1E7A4F7556}") = "EF6NetStandard", "EF6\EF6NetStandard\EF6NetStandard.csproj", "{EC233DB5-3C35-4188-8B08-BBB9A720C0F9}"
EndProject
Project("{9A19103F-16F7-4668-BE54-9A1E7A4F7556}") = "EFCore2NetCore3", "EFCoreV2\EFCore2NetCore3\EFCore2NetCore3.csproj", "{EC1C6C67-B421-49E6-98AC-C0A127470606}"
EndProject
Project("{9A19103F-16F7-4668-BE54-9A1E7A4F7556}") = "EFCore2NetStandard", "EFCoreV2\EFCore2NetStandard\EFCore2NetStandard.csproj", "{E7621856-5A99-40BB-BEE8-C565F9E34398}"
EndProject
Project("{FAE04EC0-301F-11D3-BF4B-00C04F79EFBC}") = "EFCore2NetFramework", "EFCoreV2\EFCore2NetFramework\EFCore2NetFramework.csproj", "{E723139C-D1E4-4EA2-8C02-EC6D30E3C3F5}"
EndProject
Project("{9A19103F-16F7-4668-BE54-9A1E7A4F7556}") = "Sandbox_EFCore3NetCore3", "Sandbox\Sandbox_EFCore3NetCore3\Sandbox_EFCore3NetCore3.csproj", "{6DC91795-650A-4FD2-B7D9-A7445E4ED807}"
EndProject
Project("{2150E333-8FDC-42A3-9474-1A3956D46DE8}") = "V5", "V5", "{B9712341-0F3E-484C-A907-D0DCD86D9768}"
EndProject
Project("{9A19103F-16F7-4668-BE54-9A1E7A4F7556}") = "EFCore5NetCore3", "EFCoreV5\EFCore5NetCore3\EFCore5NetCore3.csproj", "{226AAF11-FE69-4779-900B-6CA9CB1E3C86}"
EndProject
Project("{9A19103F-16F7-4668-BE54-9A1E7A4F7556}") = "EFCore5NetCore3_Test", "EFCoreV5\EFCore5NetCore3_Test\EFCore5NetCore3_Test.csproj", "{CC3A04DD-1E55-4810-8264-4033CE066E33}"
EndProject
Project("{9A19103F-16F7-4668-BE54-9A1E7A4F7556}") = "EFCore3NetCore2_Test", "EFCoreV3\EFCore3NetCore2_Test\EFCore3NetCore2_Test.csproj", "{49525A8B-4331-4D78-A0DA-683AA8D01B44}"
EndProject
Project("{9A19103F-16F7-4668-BE54-9A1E7A4F7556}") = "EFCore3NetCore3_Test", "EFCoreV3\EFCore3NetCore3_Test\EFCore3NetCore3_Test.csproj", "{FD58FB40-928B-4EAA-BA8B-3DA45D202386}"
EndProject
Project("{FAE04EC0-301F-11D3-BF4B-00C04F79EFBC}") = "EFCore3NetFramework_Test", "EFCoreV3\EFCore3NetFramework_Test\EFCore3NetFramework_Test.csproj", "{5F2A6468-4B77-41FB-8C40-8C0FA6855B9D}"
EndProject
Project("{FAE04EC0-301F-11D3-BF4B-00C04F79EFBC}") = "EFCore3NetStandard_FrameworkTest", "EFCoreV3\EFCore3NetStandard_FrameworkTest\EFCore3NetStandard_FrameworkTest.csproj", "{D2D975B8-DDE1-4338-8C23-699DBDCAF326}"
EndProject
Project("{9A19103F-16F7-4668-BE54-9A1E7A4F7556}") = "EFCore3NetStandard_NetCore3Test", "EFCoreV3\EFCore3NetStandard_NetCore3Test\EFCore3NetStandard_NetCore3Test.csproj", "{7F1A533A-FB5F-4A5D-8B47-62A73C8C3FDD}"
EndProject
Project("{2150E333-8FDC-42A3-9474-1A3956D46DE8}") = "EFCore3NetStandard", "EFCore3NetStandard", "{41E92E98-3FE9-419B-AE11-5B8223E09419}"
EndProject
Project("{2150E333-8FDC-42A3-9474-1A3956D46DE8}") = "EFCore3NetFramework", "EFCore3NetFramework", "{412ACCF7-125B-4FD4-8DC7-347FAF4B2DAA}"
EndProject
Project("{FAE04EC0-301F-11D3-BF4B-00C04F79EFBC}") = "Sandbox_EF6_Test", "Sandbox\Sandbox_EF6_Test\Sandbox_EF6_Test.csproj", "{94DF701A-1F1E-46F6-95AF-FC0E059A759A}"
EndProject
Project("{9A19103F-16F7-4668-BE54-9A1E7A4F7556}") = "EFCore5Net5", "EFCoreV5\EFCore5Net5\EFCore5Net5.csproj", "{B2F26FB8-0492-4117-AC94-9FD640900AFE}"
EndProject
Project("{9A19103F-16F7-4668-BE54-9A1E7A4F7556}") = "Sandbox_EFCore5Net5_Test", "Sandbox\Sandbox_EFCore5Net5_Test\Sandbox_EFCore5Net5_Test.csproj", "{00FCE402-231F-4912-B7D6-8C71EA878B23}"
EndProject
Global
	GlobalSection(SolutionConfigurationPlatforms) = preSolution
		Debug|Any CPU = Debug|Any CPU
		Release|Any CPU = Release|Any CPU
	EndGlobalSection
	GlobalSection(ProjectConfigurationPlatforms) = postSolution
		{01400A05-E3A7-4983-A44C-0F346E6FB203}.Debug|Any CPU.ActiveCfg = Debug|Any CPU
		{01400A05-E3A7-4983-A44C-0F346E6FB203}.Release|Any CPU.ActiveCfg = Release|Any CPU
		{01400A05-E3A7-4983-A44C-0F346E6FB203}.Release|Any CPU.Build.0 = Release|Any CPU
		{B4A41735-E7A7-460C-80EC-EC8C87DB1D62}.Debug|Any CPU.ActiveCfg = Debug|Any CPU
		{B4A41735-E7A7-460C-80EC-EC8C87DB1D62}.Release|Any CPU.ActiveCfg = Release|Any CPU
		{B4A41735-E7A7-460C-80EC-EC8C87DB1D62}.Release|Any CPU.Build.0 = Release|Any CPU
		{810B0B64-3714-47D8-A308-4CDB99FFED2F}.Debug|Any CPU.ActiveCfg = Debug|Any CPU
		{810B0B64-3714-47D8-A308-4CDB99FFED2F}.Debug|Any CPU.Build.0 = Debug|Any CPU
		{810B0B64-3714-47D8-A308-4CDB99FFED2F}.Release|Any CPU.ActiveCfg = Release|Any CPU
		{810B0B64-3714-47D8-A308-4CDB99FFED2F}.Release|Any CPU.Build.0 = Release|Any CPU
		{4379381F-5148-4AAC-B9B5-368C73039AFC}.Debug|Any CPU.ActiveCfg = Debug|Any CPU
		{4379381F-5148-4AAC-B9B5-368C73039AFC}.Debug|Any CPU.Build.0 = Debug|Any CPU
		{4379381F-5148-4AAC-B9B5-368C73039AFC}.Release|Any CPU.ActiveCfg = Release|Any CPU
		{4379381F-5148-4AAC-B9B5-368C73039AFC}.Release|Any CPU.Build.0 = Release|Any CPU
		{55D0EF96-3E57-48AF-B6B4-B2C91E9E3126}.Debug|Any CPU.ActiveCfg = Debug|Any CPU
		{55D0EF96-3E57-48AF-B6B4-B2C91E9E3126}.Debug|Any CPU.Build.0 = Debug|Any CPU
		{55D0EF96-3E57-48AF-B6B4-B2C91E9E3126}.Release|Any CPU.ActiveCfg = Release|Any CPU
		{55D0EF96-3E57-48AF-B6B4-B2C91E9E3126}.Release|Any CPU.Build.0 = Release|Any CPU
		{D62FC60C-5DD2-4BB0-B262-896B4A1B4056}.Debug|Any CPU.ActiveCfg = Debug|Any CPU
		{D62FC60C-5DD2-4BB0-B262-896B4A1B4056}.Debug|Any CPU.Build.0 = Debug|Any CPU
		{D62FC60C-5DD2-4BB0-B262-896B4A1B4056}.Release|Any CPU.ActiveCfg = Release|Any CPU
		{D62FC60C-5DD2-4BB0-B262-896B4A1B4056}.Release|Any CPU.Build.0 = Release|Any CPU
		{C71ECE82-6914-4C09-ABCE-18925898694A}.Debug|Any CPU.ActiveCfg = Debug|Any CPU
		{C71ECE82-6914-4C09-ABCE-18925898694A}.Debug|Any CPU.Build.0 = Debug|Any CPU
		{C71ECE82-6914-4C09-ABCE-18925898694A}.Release|Any CPU.ActiveCfg = Release|Any CPU
		{C71ECE82-6914-4C09-ABCE-18925898694A}.Release|Any CPU.Build.0 = Release|Any CPU
		{E44994DD-DCDD-4B25-B4B5-5DF7306A1789}.Debug|Any CPU.ActiveCfg = Debug|Any CPU
		{E44994DD-DCDD-4B25-B4B5-5DF7306A1789}.Debug|Any CPU.Build.0 = Debug|Any CPU
		{E44994DD-DCDD-4B25-B4B5-5DF7306A1789}.Release|Any CPU.ActiveCfg = Release|Any CPU
		{E44994DD-DCDD-4B25-B4B5-5DF7306A1789}.Release|Any CPU.Build.0 = Release|Any CPU
		{EFC828D1-0006-4BF3-82FE-818864676FDA}.Debug|Any CPU.ActiveCfg = Debug|Any CPU
		{EFC828D1-0006-4BF3-82FE-818864676FDA}.Debug|Any CPU.Build.0 = Debug|Any CPU
		{EFC828D1-0006-4BF3-82FE-818864676FDA}.Release|Any CPU.ActiveCfg = Release|Any CPU
		{EFC828D1-0006-4BF3-82FE-818864676FDA}.Release|Any CPU.Build.0 = Release|Any CPU
		{EC233DB5-3C35-4188-8B08-BBB9A720C0F9}.Debug|Any CPU.ActiveCfg = Debug|Any CPU
		{EC233DB5-3C35-4188-8B08-BBB9A720C0F9}.Debug|Any CPU.Build.0 = Debug|Any CPU
		{EC233DB5-3C35-4188-8B08-BBB9A720C0F9}.Release|Any CPU.ActiveCfg = Release|Any CPU
		{EC233DB5-3C35-4188-8B08-BBB9A720C0F9}.Release|Any CPU.Build.0 = Release|Any CPU
		{EC1C6C67-B421-49E6-98AC-C0A127470606}.Debug|Any CPU.ActiveCfg = Debug|Any CPU
		{EC1C6C67-B421-49E6-98AC-C0A127470606}.Debug|Any CPU.Build.0 = Debug|Any CPU
		{EC1C6C67-B421-49E6-98AC-C0A127470606}.Release|Any CPU.ActiveCfg = Release|Any CPU
		{EC1C6C67-B421-49E6-98AC-C0A127470606}.Release|Any CPU.Build.0 = Release|Any CPU
		{E7621856-5A99-40BB-BEE8-C565F9E34398}.Debug|Any CPU.ActiveCfg = Debug|Any CPU
		{E7621856-5A99-40BB-BEE8-C565F9E34398}.Debug|Any CPU.Build.0 = Debug|Any CPU
		{E7621856-5A99-40BB-BEE8-C565F9E34398}.Release|Any CPU.ActiveCfg = Release|Any CPU
		{E7621856-5A99-40BB-BEE8-C565F9E34398}.Release|Any CPU.Build.0 = Release|Any CPU
		{E723139C-D1E4-4EA2-8C02-EC6D30E3C3F5}.Debug|Any CPU.ActiveCfg = Debug|Any CPU
		{E723139C-D1E4-4EA2-8C02-EC6D30E3C3F5}.Debug|Any CPU.Build.0 = Debug|Any CPU
		{E723139C-D1E4-4EA2-8C02-EC6D30E3C3F5}.Release|Any CPU.ActiveCfg = Release|Any CPU
		{E723139C-D1E4-4EA2-8C02-EC6D30E3C3F5}.Release|Any CPU.Build.0 = Release|Any CPU
		{6DC91795-650A-4FD2-B7D9-A7445E4ED807}.Debug|Any CPU.ActiveCfg = Debug|Any CPU
		{6DC91795-650A-4FD2-B7D9-A7445E4ED807}.Release|Any CPU.ActiveCfg = Release|Any CPU
		{6DC91795-650A-4FD2-B7D9-A7445E4ED807}.Release|Any CPU.Build.0 = Release|Any CPU
		{226AAF11-FE69-4779-900B-6CA9CB1E3C86}.Debug|Any CPU.ActiveCfg = Debug|Any CPU
		{226AAF11-FE69-4779-900B-6CA9CB1E3C86}.Debug|Any CPU.Build.0 = Debug|Any CPU
		{226AAF11-FE69-4779-900B-6CA9CB1E3C86}.Release|Any CPU.ActiveCfg = Release|Any CPU
		{226AAF11-FE69-4779-900B-6CA9CB1E3C86}.Release|Any CPU.Build.0 = Release|Any CPU
		{CC3A04DD-1E55-4810-8264-4033CE066E33}.Debug|Any CPU.ActiveCfg = Debug|Any CPU
		{CC3A04DD-1E55-4810-8264-4033CE066E33}.Release|Any CPU.ActiveCfg = Release|Any CPU
		{CC3A04DD-1E55-4810-8264-4033CE066E33}.Release|Any CPU.Build.0 = Release|Any CPU
		{49525A8B-4331-4D78-A0DA-683AA8D01B44}.Debug|Any CPU.ActiveCfg = Debug|Any CPU
		{49525A8B-4331-4D78-A0DA-683AA8D01B44}.Release|Any CPU.ActiveCfg = Release|Any CPU
		{49525A8B-4331-4D78-A0DA-683AA8D01B44}.Release|Any CPU.Build.0 = Release|Any CPU
		{FD58FB40-928B-4EAA-BA8B-3DA45D202386}.Debug|Any CPU.ActiveCfg = Debug|Any CPU
		{FD58FB40-928B-4EAA-BA8B-3DA45D202386}.Release|Any CPU.ActiveCfg = Release|Any CPU
		{FD58FB40-928B-4EAA-BA8B-3DA45D202386}.Release|Any CPU.Build.0 = Release|Any CPU
		{5F2A6468-4B77-41FB-8C40-8C0FA6855B9D}.Debug|Any CPU.ActiveCfg = Debug|Any CPU
		{5F2A6468-4B77-41FB-8C40-8C0FA6855B9D}.Release|Any CPU.ActiveCfg = Release|Any CPU
		{5F2A6468-4B77-41FB-8C40-8C0FA6855B9D}.Release|Any CPU.Build.0 = Release|Any CPU
		{D2D975B8-DDE1-4338-8C23-699DBDCAF326}.Debug|Any CPU.ActiveCfg = Debug|Any CPU
		{D2D975B8-DDE1-4338-8C23-699DBDCAF326}.Debug|Any CPU.Build.0 = Debug|Any CPU
		{D2D975B8-DDE1-4338-8C23-699DBDCAF326}.Release|Any CPU.ActiveCfg = Release|Any CPU
		{D2D975B8-DDE1-4338-8C23-699DBDCAF326}.Release|Any CPU.Build.0 = Release|Any CPU
		{7F1A533A-FB5F-4A5D-8B47-62A73C8C3FDD}.Debug|Any CPU.ActiveCfg = Debug|Any CPU
		{7F1A533A-FB5F-4A5D-8B47-62A73C8C3FDD}.Debug|Any CPU.Build.0 = Debug|Any CPU
		{7F1A533A-FB5F-4A5D-8B47-62A73C8C3FDD}.Release|Any CPU.ActiveCfg = Release|Any CPU
		{7F1A533A-FB5F-4A5D-8B47-62A73C8C3FDD}.Release|Any CPU.Build.0 = Release|Any CPU
		{94DF701A-1F1E-46F6-95AF-FC0E059A759A}.Debug|Any CPU.ActiveCfg = Debug|Any CPU
		{94DF701A-1F1E-46F6-95AF-FC0E059A759A}.Release|Any CPU.ActiveCfg = Release|Any CPU
		{94DF701A-1F1E-46F6-95AF-FC0E059A759A}.Release|Any CPU.Build.0 = Release|Any CPU
		{B2F26FB8-0492-4117-AC94-9FD640900AFE}.Debug|Any CPU.ActiveCfg = Debug|Any CPU
		{B2F26FB8-0492-4117-AC94-9FD640900AFE}.Debug|Any CPU.Build.0 = Debug|Any CPU
		{B2F26FB8-0492-4117-AC94-9FD640900AFE}.Release|Any CPU.ActiveCfg = Release|Any CPU
		{B2F26FB8-0492-4117-AC94-9FD640900AFE}.Release|Any CPU.Build.0 = Release|Any CPU
		{00FCE402-231F-4912-B7D6-8C71EA878B23}.Debug|Any CPU.ActiveCfg = Debug|Any CPU
		{00FCE402-231F-4912-B7D6-8C71EA878B23}.Debug|Any CPU.Build.0 = Debug|Any CPU
		{00FCE402-231F-4912-B7D6-8C71EA878B23}.Release|Any CPU.ActiveCfg = Release|Any CPU
		{00FCE402-231F-4912-B7D6-8C71EA878B23}.Release|Any CPU.Build.0 = Release|Any CPU
	EndGlobalSection
	GlobalSection(SolutionProperties) = preSolution
		HideSolutionNode = FALSE
	EndGlobalSection
	GlobalSection(NestedProjects) = preSolution
		{26303191-1400-454B-947B-C1155BE48087} = {896FF085-DCA9-4FCB-9C4D-E48BEA84194E}
		{2A2E6B71-F9C0-42A2-8081-FDC5EC525DA9} = {896FF085-DCA9-4FCB-9C4D-E48BEA84194E}
		{01400A05-E3A7-4983-A44C-0F346E6FB203} = {FA680FE6-5105-42DF-9F2D-AE96FAC16E77}
		{B4A41735-E7A7-460C-80EC-EC8C87DB1D62} = {FA680FE6-5105-42DF-9F2D-AE96FAC16E77}
		{810B0B64-3714-47D8-A308-4CDB99FFED2F} = {26303191-1400-454B-947B-C1155BE48087}
		{4379381F-5148-4AAC-B9B5-368C73039AFC} = {2A2E6B71-F9C0-42A2-8081-FDC5EC525DA9}
		{55D0EF96-3E57-48AF-B6B4-B2C91E9E3126} = {2A2E6B71-F9C0-42A2-8081-FDC5EC525DA9}
		{D62FC60C-5DD2-4BB0-B262-896B4A1B4056} = {41E92E98-3FE9-419B-AE11-5B8223E09419}
		{C71ECE82-6914-4C09-ABCE-18925898694A} = {ECAF5926-A2D1-41A6-8C74-51081237E18B}
		{E44994DD-DCDD-4B25-B4B5-5DF7306A1789} = {412ACCF7-125B-4FD4-8DC7-347FAF4B2DAA}
		{EFC828D1-0006-4BF3-82FE-818864676FDA} = {ECAF5926-A2D1-41A6-8C74-51081237E18B}
		{EC233DB5-3C35-4188-8B08-BBB9A720C0F9} = {ECAF5926-A2D1-41A6-8C74-51081237E18B}
		{EC1C6C67-B421-49E6-98AC-C0A127470606} = {26303191-1400-454B-947B-C1155BE48087}
		{E7621856-5A99-40BB-BEE8-C565F9E34398} = {26303191-1400-454B-947B-C1155BE48087}
		{E723139C-D1E4-4EA2-8C02-EC6D30E3C3F5} = {26303191-1400-454B-947B-C1155BE48087}
		{6DC91795-650A-4FD2-B7D9-A7445E4ED807} = {FA680FE6-5105-42DF-9F2D-AE96FAC16E77}
		{B9712341-0F3E-484C-A907-D0DCD86D9768} = {896FF085-DCA9-4FCB-9C4D-E48BEA84194E}
		{226AAF11-FE69-4779-900B-6CA9CB1E3C86} = {B9712341-0F3E-484C-A907-D0DCD86D9768}
		{CC3A04DD-1E55-4810-8264-4033CE066E33} = {B9712341-0F3E-484C-A907-D0DCD86D9768}
		{49525A8B-4331-4D78-A0DA-683AA8D01B44} = {2A2E6B71-F9C0-42A2-8081-FDC5EC525DA9}
		{FD58FB40-928B-4EAA-BA8B-3DA45D202386} = {2A2E6B71-F9C0-42A2-8081-FDC5EC525DA9}
		{5F2A6468-4B77-41FB-8C40-8C0FA6855B9D} = {412ACCF7-125B-4FD4-8DC7-347FAF4B2DAA}
		{D2D975B8-DDE1-4338-8C23-699DBDCAF326} = {41E92E98-3FE9-419B-AE11-5B8223E09419}
		{7F1A533A-FB5F-4A5D-8B47-62A73C8C3FDD} = {41E92E98-3FE9-419B-AE11-5B8223E09419}
		{41E92E98-3FE9-419B-AE11-5B8223E09419} = {2A2E6B71-F9C0-42A2-8081-FDC5EC525DA9}
		{412ACCF7-125B-4FD4-8DC7-347FAF4B2DAA} = {2A2E6B71-F9C0-42A2-8081-FDC5EC525DA9}
		{94DF701A-1F1E-46F6-95AF-FC0E059A759A} = {FA680FE6-5105-42DF-9F2D-AE96FAC16E77}
		{B2F26FB8-0492-4117-AC94-9FD640900AFE} = {B9712341-0F3E-484C-A907-D0DCD86D9768}
		{00FCE402-231F-4912-B7D6-8C71EA878B23} = {FA680FE6-5105-42DF-9F2D-AE96FAC16E77}
	EndGlobalSection
	GlobalSection(ExtensibilityGlobals) = postSolution
		SolutionGuid = {C1564741-D3E6-4EFB-B1A8-82190DB1A31C}
	EndGlobalSection
	GlobalSection(CodealikeProperties) = postSolution
		SolutionGuid = c1564741-d3e6-4efb-b1a8-82190db1a31c
	EndGlobalSection
EndGlobal
