
Microsoft Visual Studio Solution File, Format Version 12.00
# Visual Studio Version 16
VisualStudioVersion = 16.0.28729.10
MinimumVisualStudioVersion = 10.0.40219.1
Project("{9A19103F-16F7-4668-BE54-9A1E7A4F7556}") = "Testing_EFCoreV2NetStd", "Testing_EFCoreV2NetStd\Testing_EFCoreV2NetStd.csproj", "{89566534-4C77-41FC-B2D8-46602781C139}"
EndProject
Project("{9A19103F-16F7-4668-BE54-9A1E7A4F7556}") = "Testing_EFCoreV2NetCore", "Testing_EFCoreV2NetCore\Testing_EFCoreV2NetCore.csproj", "{4C3DA14F-D060-451B-BF51-78CA531C82F4}"
EndProject
Project("{FAE04EC0-301F-11D3-BF4B-00C04F79EFBC}") = "Testing_EFCoreV2NetFramework", "Testing_EFCoreV2NetFramework\Testing_EFCoreV2NetFramework.csproj", "{FD969E2A-A151-4AFE-A0F8-672B0E5D7502}"
EndProject
Project("{FAE04EC0-301F-11D3-BF4B-00C04F79EFBC}") = "Sandbox_EF6", "Sandbox_EF6\Sandbox_EF6.csproj", "{01400A05-E3A7-4983-A44C-0F346E6FB203}"
EndProject
Project("{FAE04EC0-301F-11D3-BF4B-00C04F79EFBC}") = "Sandbox_EFCore", "Sandbox_EFCore\Sandbox_EFCore.csproj", "{B4A41735-E7A7-460C-80EC-EC8C87DB1D62}"
EndProject
Project("{FAE04EC0-301F-11D3-BF4B-00C04F79EFBC}") = "Testing_EF6NetFramework", "Testing_EF6NetFramework\Testing_EF6NetFramework.csproj", "{0581B54F-378B-4D0B-9D10-01C73BDEB428}"
EndProject
Project("{2150E333-8FDC-42A3-9474-1A3956D46DE8}") = "EF6", "EF6", "{ECAF5926-A2D1-41A6-8C74-51081237E18B}"
EndProject
Project("{2150E333-8FDC-42A3-9474-1A3956D46DE8}") = "EFCore", "EFCore", "{896FF085-DCA9-4FCB-9C4D-E48BEA84194E}"
EndProject
Project("{2150E333-8FDC-42A3-9474-1A3956D46DE8}") = "Sandbox", "Sandbox", "{FA680FE6-5105-42DF-9F2D-AE96FAC16E77}"
EndProject
Global
	GlobalSection(SolutionConfigurationPlatforms) = preSolution
		Debug|Any CPU = Debug|Any CPU
		Release|Any CPU = Release|Any CPU
	EndGlobalSection
	GlobalSection(ProjectConfigurationPlatforms) = postSolution
		{89566534-4C77-41FC-B2D8-46602781C139}.Debug|Any CPU.ActiveCfg = Debug|Any CPU
		{89566534-4C77-41FC-B2D8-46602781C139}.Debug|Any CPU.Build.0 = Debug|Any CPU
		{89566534-4C77-41FC-B2D8-46602781C139}.Release|Any CPU.ActiveCfg = Release|Any CPU
		{89566534-4C77-41FC-B2D8-46602781C139}.Release|Any CPU.Build.0 = Release|Any CPU
		{4C3DA14F-D060-451B-BF51-78CA531C82F4}.Debug|Any CPU.ActiveCfg = Debug|Any CPU
		{4C3DA14F-D060-451B-BF51-78CA531C82F4}.Debug|Any CPU.Build.0 = Debug|Any CPU
		{4C3DA14F-D060-451B-BF51-78CA531C82F4}.Release|Any CPU.ActiveCfg = Release|Any CPU
		{4C3DA14F-D060-451B-BF51-78CA531C82F4}.Release|Any CPU.Build.0 = Release|Any CPU
		{FD969E2A-A151-4AFE-A0F8-672B0E5D7502}.Debug|Any CPU.ActiveCfg = Debug|Any CPU
		{FD969E2A-A151-4AFE-A0F8-672B0E5D7502}.Debug|Any CPU.Build.0 = Debug|Any CPU
		{FD969E2A-A151-4AFE-A0F8-672B0E5D7502}.Release|Any CPU.ActiveCfg = Release|Any CPU
		{FD969E2A-A151-4AFE-A0F8-672B0E5D7502}.Release|Any CPU.Build.0 = Release|Any CPU
		{01400A05-E3A7-4983-A44C-0F346E6FB203}.Debug|Any CPU.ActiveCfg = Debug|Any CPU
		{01400A05-E3A7-4983-A44C-0F346E6FB203}.Debug|Any CPU.Build.0 = Debug|Any CPU
		{01400A05-E3A7-4983-A44C-0F346E6FB203}.Release|Any CPU.ActiveCfg = Release|Any CPU
		{01400A05-E3A7-4983-A44C-0F346E6FB203}.Release|Any CPU.Build.0 = Release|Any CPU
		{B4A41735-E7A7-460C-80EC-EC8C87DB1D62}.Debug|Any CPU.ActiveCfg = Debug|Any CPU
		{B4A41735-E7A7-460C-80EC-EC8C87DB1D62}.Debug|Any CPU.Build.0 = Debug|Any CPU
		{B4A41735-E7A7-460C-80EC-EC8C87DB1D62}.Release|Any CPU.ActiveCfg = Release|Any CPU
		{B4A41735-E7A7-460C-80EC-EC8C87DB1D62}.Release|Any CPU.Build.0 = Release|Any CPU
		{0581B54F-378B-4D0B-9D10-01C73BDEB428}.Debug|Any CPU.ActiveCfg = Debug|Any CPU
		{0581B54F-378B-4D0B-9D10-01C73BDEB428}.Debug|Any CPU.Build.0 = Debug|Any CPU
		{0581B54F-378B-4D0B-9D10-01C73BDEB428}.Release|Any CPU.ActiveCfg = Release|Any CPU
		{0581B54F-378B-4D0B-9D10-01C73BDEB428}.Release|Any CPU.Build.0 = Release|Any CPU
	EndGlobalSection
	GlobalSection(SolutionProperties) = preSolution
		HideSolutionNode = FALSE
	EndGlobalSection
	GlobalSection(NestedProjects) = preSolution
		{89566534-4C77-41FC-B2D8-46602781C139} = {896FF085-DCA9-4FCB-9C4D-E48BEA84194E}
		{4C3DA14F-D060-451B-BF51-78CA531C82F4} = {896FF085-DCA9-4FCB-9C4D-E48BEA84194E}
		{FD969E2A-A151-4AFE-A0F8-672B0E5D7502} = {896FF085-DCA9-4FCB-9C4D-E48BEA84194E}
		{01400A05-E3A7-4983-A44C-0F346E6FB203} = {FA680FE6-5105-42DF-9F2D-AE96FAC16E77}
		{B4A41735-E7A7-460C-80EC-EC8C87DB1D62} = {FA680FE6-5105-42DF-9F2D-AE96FAC16E77}
		{0581B54F-378B-4D0B-9D10-01C73BDEB428} = {ECAF5926-A2D1-41A6-8C74-51081237E18B}
	EndGlobalSection
	GlobalSection(ExtensibilityGlobals) = postSolution
		SolutionGuid = {C1564741-D3E6-4EFB-B1A8-82190DB1A31C}
	EndGlobalSection
	GlobalSection(CodealikeProperties) = postSolution
		SolutionGuid = c1564741-d3e6-4efb-b1a8-82190db1a31c
	EndGlobalSection
EndGlobal
