
Microsoft Visual Studio Solution File, Format Version 12.00
# Visual Studio Version 16
VisualStudioVersion = 16.0.30804.86
MinimumVisualStudioVersion = 10.0.40219.1
Project("{9A19103F-16F7-4668-BE54-9A1E7A4F7556}") = "Sandbox_EFCore5NetCore3_Test", "Sandbox_EFCore5NetCore3_Test.csproj", "{48F3C1DB-9B83-4310-AFFF-02520839336C}"
EndProject
Global
	GlobalSection(SolutionConfigurationPlatforms) = preSolution
		Debug|Any CPU = Debug|Any CPU
		Release|Any CPU = Release|Any CPU
	EndGlobalSection
	GlobalSection(ProjectConfigurationPlatforms) = postSolution
		{48F3C1DB-9B83-4310-AFFF-02520839336C}.Debug|Any CPU.ActiveCfg = Debug|Any CPU
		{48F3C1DB-9B83-4310-AFFF-02520839336C}.Debug|Any CPU.Build.0 = Debug|Any CPU
		{48F3C1DB-9B83-4310-AFFF-02520839336C}.Release|Any CPU.ActiveCfg = Release|Any CPU
		{48F3C1DB-9B83-4310-AFFF-02520839336C}.Release|Any CPU.Build.0 = Release|Any CPU
	EndGlobalSection
	GlobalSection(SolutionProperties) = preSolution
		HideSolutionNode = FALSE
	EndGlobalSection
	GlobalSection(ExtensibilityGlobals) = postSolution
		SolutionGuid = {487C381E-BF50-49DD-A982-156BB069C047}
	EndGlobalSection
EndGlobal
