
Microsoft Visual Studio Solution File, Format Version 12.00
# Visual Studio 15
VisualStudioVersion = 15.0.28307.852
MinimumVisualStudioVersion = 10.0.40219.1
Project("{FAE04EC0-301F-11D3-BF4B-00C04F79EFBC}") = "Dsl", "Dsl\Dsl.csproj", "{B77C0323-1B94-4CE4-A416-6316EBCBA81C}"
EndProject
Project("{FAE04EC0-301F-11D3-BF4B-00C04F79EFBC}") = "DslPackage", "DslPackage\DslPackage.csproj", "{AA22BCBD-2B02-4AD1-B8DC-19DFEBFB4436}"
	ProjectSection(ProjectDependencies) = postProject
		{43D73558-6220-4BA2-9145-7B5FE36F048F} = {43D73558-6220-4BA2-9145-7B5FE36F048F}
		{4CB99C76-734A-4696-A0E0-0BA6A95754C4} = {4CB99C76-734A-4696-A0E0-0BA6A95754C4}
		{C516F1CE-DF41-41FB-AB16-C89706FD4656} = {C516F1CE-DF41-41FB-AB16-C89706FD4656}
	EndProjectSection
EndProject
Project("{2150E333-8FDC-42A3-9474-1A3956D46DE8}") = "Solution Items", "Solution Items", "{0AD324C9-3616-47A1-8A44-8A609C803C31}"
	ProjectSection(SolutionItems) = preProject
		.editorconfig = .editorconfig
		..\.gitattributes = ..\.gitattributes
		.gitignore = .gitignore
		..\changelog.txt = ..\changelog.txt
		..\README.md = ..\README.md
		..\TODO.txt = ..\TODO.txt
		Tracking Property Cheat Sheet.md = Tracking Property Cheat Sheet.md
		..\VSMarketplace blurb.md = ..\VSMarketplace blurb.md
	EndProjectSection
EndProject
Project("{2150E333-8FDC-42A3-9474-1A3956D46DE8}") = "docs", "docs", "{AD98A5BD-E289-4888-B6C3-62FAD3A3D531}"
	ProjectSection(SolutionItems) = preProject
		..\docs\_config.yml = ..\docs\_config.yml
		..\docs\Associations.md = ..\docs\Associations.md
		Changelog.md = Changelog.md
		..\docs\Comments.md = ..\docs\Comments.md
		..\docs\Customizing.md = ..\docs\Customizing.md
		..\docs\Development.md = ..\docs\Development.md
		..\docs\Entities.md = ..\docs\Entities.md
		..\docs\Enumerations.md = ..\docs\Enumerations.md
		..\docs\Features.md = ..\docs\Features.md
		..\docs\Gemfile = ..\docs\Gemfile
		..\docs\Getting-Started.md = ..\docs\Getting-Started.md
		..\docs\Importing.md = ..\docs\Importing.md
		..\docs\index.md = ..\docs\index.md
		..\docs\Inheritance.md = ..\docs\Inheritance.md
		..\docs\Installation.md = ..\docs\Installation.md
		..\docs\Licensing.md = ..\docs\Licensing.md
		..\docs\Properties.md = ..\docs\Properties.md
		..\docs\Templates.md = ..\docs\Templates.md
		..\docs\Using-the-designer.md = ..\docs\Using-the-designer.md
		..\docs\Validations.md = ..\docs\Validations.md
	EndProjectSection
EndProject
Project("{2150E333-8FDC-42A3-9474-1A3956D46DE8}") = "images", "images", "{89098F6A-F0C2-4707-B627-389BE97AED29}"
	ProjectSection(SolutionItems) = preProject
		..\docs\images\AddAddress-1.jpg = ..\docs\images\AddAddress-1.jpg
		..\docs\images\AddAddress-2.jpg = ..\docs\images\AddAddress-2.jpg
		..\docs\images\AddNewItem.jpg = ..\docs\images\AddNewItem.jpg
		..\docs\images\Bidirectional.jpg = ..\docs\images\Bidirectional.jpg
		..\docs\images\Class.jpg = ..\docs\images\Class.jpg
		..\docs\images\Comment.jpg = ..\docs\images\Comment.jpg
		..\docs\images\CommentConnector.jpg = ..\docs\images\CommentConnector.jpg
		..\docs\images\Designer.jpg = ..\docs\images\Designer.jpg
		..\docs\images\DesignerMenu.jpg = ..\docs\images\DesignerMenu.jpg
		..\docs\images\DesignerProperties.jpg = ..\docs\images\DesignerProperties.jpg
		..\docs\images\Entity.jpg = ..\docs\images\Entity.jpg
		..\docs\images\EntityMenu.jpg = ..\docs\images\EntityMenu.jpg
		..\docs\images\EnumMenu.jpg = ..\docs\images\EnumMenu.jpg
		..\docs\images\EnumProperties.jpg = ..\docs\images\EnumProperties.jpg
		..\docs\images\EnumTool.jpg = ..\docs\images\EnumTool.jpg
		..\docs\images\EnumValueMenu.jpg = ..\docs\images\EnumValueMenu.jpg
		..\docs\images\EnumValueProperties.jpg = ..\docs\images\EnumValueProperties.jpg
		..\docs\images\Inheritance.jpg = ..\docs\images\Inheritance.jpg
		..\docs\images\PropertyEditor.jpg = ..\docs\images\PropertyEditor.jpg
		..\docs\images\PropertyMenu.jpg = ..\docs\images\PropertyMenu.jpg
		..\docs\images\PropertyProperties.jpg = ..\docs\images\PropertyProperties.jpg
		..\docs\images\Solution.jpg = ..\docs\images\Solution.jpg
		..\docs\images\Solution2.jpg = ..\docs\images\Solution2.jpg
		..\docs\images\Toolbox.jpg = ..\docs\images\Toolbox.jpg
		..\docs\images\Unidirectional.jpg = ..\docs\images\Unidirectional.jpg
		..\docs\images\ValueEditor.jpg = ..\docs\images\ValueEditor.jpg
	EndProjectSection
EndProject
Project("{2150E333-8FDC-42A3-9474-1A3956D46DE8}") = "_layouts", "_layouts", "{90C96A87-4FF7-4AD1-9F61-0ECE46F7ADDA}"
	ProjectSection(SolutionItems) = preProject
		..\docs\_layouts\default.html = ..\docs\_layouts\default.html
	EndProjectSection
EndProject
Project("{7CF6DF6D-3B04-46F8-A40B-537D21BCA0B4}") = "EFDesigner.APIHelp", "EFDesigner.APIHelp\EFDesigner.APIHelp.shfbproj", "{1B1C830B-3BEE-4945-A6A0-9340574393D8}"
	ProjectSection(ProjectDependencies) = postProject
		{B77C0323-1B94-4CE4-A416-6316EBCBA81C} = {B77C0323-1B94-4CE4-A416-6316EBCBA81C}
		{AA22BCBD-2B02-4AD1-B8DC-19DFEBFB4436} = {AA22BCBD-2B02-4AD1-B8DC-19DFEBFB4436}
	EndProjectSection
EndProject
Project("{2150E333-8FDC-42A3-9474-1A3956D46DE8}") = "Metadata Parsing", "Metadata Parsing", "{B284D5B9-1693-45D8-A370-1A85C8ABBBB9}"
EndProject
Project("{9A19103F-16F7-4668-BE54-9A1E7A4F7556}") = "ParsingModels", "Utilities\ParsingModels\ParsingModels.csproj", "{DD03B599-6F8F-4BAF-850A-67F52DBD0920}"
EndProject
Project("{FAE04EC0-301F-11D3-BF4B-00C04F79EFBC}") = "EFCoreParserFmwk", "Utilities\EFCoreParserFmwk\EFCoreParserFmwk.csproj", "{43D73558-6220-4BA2-9145-7B5FE36F048F}"
EndProject
Project("{FAE04EC0-301F-11D3-BF4B-00C04F79EFBC}") = "EF6ParserFmwk", "Utilities\EF6ParserFmwk\EF6ParserFmwk.csproj", "{C516F1CE-DF41-41FB-AB16-C89706FD4656}"
EndProject
Project("{9A19103F-16F7-4668-BE54-9A1E7A4F7556}") = "EFCoreParser", "Utilities\EFCoreParser\EFCoreParser.csproj", "{4CB99C76-734A-4696-A0E0-0BA6A95754C4}"
EndProject
Project("{FAE04EC0-301F-11D3-BF4B-00C04F79EFBC}") = "Msagl", "Utilities\MSAGL\Msagl.csproj", "{415D3E3F-7105-46C1-84D2-7ECB34213D92}"
EndProject
Global
	GlobalSection(SolutionConfigurationPlatforms) = preSolution
		Debug|Any CPU = Debug|Any CPU
		Debug|x64 = Debug|x64
		Debug|x86 = Debug|x86
		DebugDevTrace|Any CPU = DebugDevTrace|Any CPU
		DebugDevTrace|x64 = DebugDevTrace|x64
		DebugDevTrace|x86 = DebugDevTrace|x86
		Release|Any CPU = Release|Any CPU
		Release|x64 = Release|x64
		Release|x86 = Release|x86
	EndGlobalSection
	GlobalSection(ProjectConfigurationPlatforms) = postSolution
		{B77C0323-1B94-4CE4-A416-6316EBCBA81C}.Debug|Any CPU.ActiveCfg = Debug|Any CPU
		{B77C0323-1B94-4CE4-A416-6316EBCBA81C}.Debug|Any CPU.Build.0 = Debug|Any CPU
		{B77C0323-1B94-4CE4-A416-6316EBCBA81C}.Debug|x64.ActiveCfg = Debug|Any CPU
		{B77C0323-1B94-4CE4-A416-6316EBCBA81C}.Debug|x64.Build.0 = Debug|Any CPU
		{B77C0323-1B94-4CE4-A416-6316EBCBA81C}.Debug|x86.ActiveCfg = Debug|Any CPU
		{B77C0323-1B94-4CE4-A416-6316EBCBA81C}.Debug|x86.Build.0 = Debug|Any CPU
		{B77C0323-1B94-4CE4-A416-6316EBCBA81C}.DebugDevTrace|Any CPU.ActiveCfg = Debug|Any CPU
		{B77C0323-1B94-4CE4-A416-6316EBCBA81C}.DebugDevTrace|Any CPU.Build.0 = Debug|Any CPU
		{B77C0323-1B94-4CE4-A416-6316EBCBA81C}.DebugDevTrace|x64.ActiveCfg = Debug|Any CPU
		{B77C0323-1B94-4CE4-A416-6316EBCBA81C}.DebugDevTrace|x64.Build.0 = Debug|Any CPU
		{B77C0323-1B94-4CE4-A416-6316EBCBA81C}.DebugDevTrace|x86.ActiveCfg = Debug|Any CPU
		{B77C0323-1B94-4CE4-A416-6316EBCBA81C}.DebugDevTrace|x86.Build.0 = Debug|Any CPU
		{B77C0323-1B94-4CE4-A416-6316EBCBA81C}.Release|Any CPU.ActiveCfg = Release|Any CPU
		{B77C0323-1B94-4CE4-A416-6316EBCBA81C}.Release|Any CPU.Build.0 = Release|Any CPU
		{B77C0323-1B94-4CE4-A416-6316EBCBA81C}.Release|x64.ActiveCfg = Release|Any CPU
		{B77C0323-1B94-4CE4-A416-6316EBCBA81C}.Release|x64.Build.0 = Release|Any CPU
		{B77C0323-1B94-4CE4-A416-6316EBCBA81C}.Release|x86.ActiveCfg = Release|Any CPU
		{B77C0323-1B94-4CE4-A416-6316EBCBA81C}.Release|x86.Build.0 = Release|Any CPU
		{AA22BCBD-2B02-4AD1-B8DC-19DFEBFB4436}.Debug|Any CPU.ActiveCfg = Debug|Any CPU
		{AA22BCBD-2B02-4AD1-B8DC-19DFEBFB4436}.Debug|Any CPU.Build.0 = Debug|Any CPU
		{AA22BCBD-2B02-4AD1-B8DC-19DFEBFB4436}.Debug|x64.ActiveCfg = Debug|Any CPU
		{AA22BCBD-2B02-4AD1-B8DC-19DFEBFB4436}.Debug|x64.Build.0 = Debug|Any CPU
		{AA22BCBD-2B02-4AD1-B8DC-19DFEBFB4436}.Debug|x86.ActiveCfg = Debug|Any CPU
		{AA22BCBD-2B02-4AD1-B8DC-19DFEBFB4436}.Debug|x86.Build.0 = Debug|Any CPU
		{AA22BCBD-2B02-4AD1-B8DC-19DFEBFB4436}.DebugDevTrace|Any CPU.ActiveCfg = Debug|Any CPU
		{AA22BCBD-2B02-4AD1-B8DC-19DFEBFB4436}.DebugDevTrace|Any CPU.Build.0 = Debug|Any CPU
		{AA22BCBD-2B02-4AD1-B8DC-19DFEBFB4436}.DebugDevTrace|x64.ActiveCfg = Debug|Any CPU
		{AA22BCBD-2B02-4AD1-B8DC-19DFEBFB4436}.DebugDevTrace|x64.Build.0 = Debug|Any CPU
		{AA22BCBD-2B02-4AD1-B8DC-19DFEBFB4436}.DebugDevTrace|x86.ActiveCfg = Debug|Any CPU
		{AA22BCBD-2B02-4AD1-B8DC-19DFEBFB4436}.DebugDevTrace|x86.Build.0 = Debug|Any CPU
		{AA22BCBD-2B02-4AD1-B8DC-19DFEBFB4436}.Release|Any CPU.ActiveCfg = Release|Any CPU
		{AA22BCBD-2B02-4AD1-B8DC-19DFEBFB4436}.Release|Any CPU.Build.0 = Release|Any CPU
		{AA22BCBD-2B02-4AD1-B8DC-19DFEBFB4436}.Release|x64.ActiveCfg = Release|Any CPU
		{AA22BCBD-2B02-4AD1-B8DC-19DFEBFB4436}.Release|x64.Build.0 = Release|Any CPU
		{AA22BCBD-2B02-4AD1-B8DC-19DFEBFB4436}.Release|x86.ActiveCfg = Release|Any CPU
		{AA22BCBD-2B02-4AD1-B8DC-19DFEBFB4436}.Release|x86.Build.0 = Release|Any CPU
		{1B1C830B-3BEE-4945-A6A0-9340574393D8}.Debug|Any CPU.ActiveCfg = Debug|Any CPU
		{1B1C830B-3BEE-4945-A6A0-9340574393D8}.Debug|x64.ActiveCfg = Debug|Any CPU
		{1B1C830B-3BEE-4945-A6A0-9340574393D8}.Debug|x86.ActiveCfg = Debug|Any CPU
		{1B1C830B-3BEE-4945-A6A0-9340574393D8}.DebugDevTrace|Any CPU.ActiveCfg = Debug|Any CPU
		{1B1C830B-3BEE-4945-A6A0-9340574393D8}.DebugDevTrace|x64.ActiveCfg = Debug|Any CPU
		{1B1C830B-3BEE-4945-A6A0-9340574393D8}.DebugDevTrace|x86.ActiveCfg = Debug|Any CPU
		{1B1C830B-3BEE-4945-A6A0-9340574393D8}.Release|Any CPU.ActiveCfg = Release|Any CPU
		{1B1C830B-3BEE-4945-A6A0-9340574393D8}.Release|Any CPU.Build.0 = Release|Any CPU
		{1B1C830B-3BEE-4945-A6A0-9340574393D8}.Release|x64.ActiveCfg = Release|Any CPU
		{1B1C830B-3BEE-4945-A6A0-9340574393D8}.Release|x86.ActiveCfg = Release|Any CPU
		{DD03B599-6F8F-4BAF-850A-67F52DBD0920}.Debug|Any CPU.ActiveCfg = Debug|Any CPU
		{DD03B599-6F8F-4BAF-850A-67F52DBD0920}.Debug|Any CPU.Build.0 = Debug|Any CPU
		{DD03B599-6F8F-4BAF-850A-67F52DBD0920}.Debug|x64.ActiveCfg = Debug|Any CPU
		{DD03B599-6F8F-4BAF-850A-67F52DBD0920}.Debug|x64.Build.0 = Debug|Any CPU
		{DD03B599-6F8F-4BAF-850A-67F52DBD0920}.Debug|x86.ActiveCfg = Debug|Any CPU
		{DD03B599-6F8F-4BAF-850A-67F52DBD0920}.Debug|x86.Build.0 = Debug|Any CPU
		{DD03B599-6F8F-4BAF-850A-67F52DBD0920}.DebugDevTrace|Any CPU.ActiveCfg = Debug|Any CPU
		{DD03B599-6F8F-4BAF-850A-67F52DBD0920}.DebugDevTrace|Any CPU.Build.0 = Debug|Any CPU
		{DD03B599-6F8F-4BAF-850A-67F52DBD0920}.DebugDevTrace|x64.ActiveCfg = Debug|Any CPU
		{DD03B599-6F8F-4BAF-850A-67F52DBD0920}.DebugDevTrace|x64.Build.0 = Debug|Any CPU
		{DD03B599-6F8F-4BAF-850A-67F52DBD0920}.DebugDevTrace|x86.ActiveCfg = Debug|Any CPU
		{DD03B599-6F8F-4BAF-850A-67F52DBD0920}.DebugDevTrace|x86.Build.0 = Debug|Any CPU
		{DD03B599-6F8F-4BAF-850A-67F52DBD0920}.Release|Any CPU.ActiveCfg = Release|Any CPU
		{DD03B599-6F8F-4BAF-850A-67F52DBD0920}.Release|Any CPU.Build.0 = Release|Any CPU
		{DD03B599-6F8F-4BAF-850A-67F52DBD0920}.Release|x64.ActiveCfg = Release|Any CPU
		{DD03B599-6F8F-4BAF-850A-67F52DBD0920}.Release|x64.Build.0 = Release|Any CPU
		{DD03B599-6F8F-4BAF-850A-67F52DBD0920}.Release|x86.ActiveCfg = Release|Any CPU
		{DD03B599-6F8F-4BAF-850A-67F52DBD0920}.Release|x86.Build.0 = Release|Any CPU
		{43D73558-6220-4BA2-9145-7B5FE36F048F}.Debug|Any CPU.ActiveCfg = Debug|Any CPU
		{43D73558-6220-4BA2-9145-7B5FE36F048F}.Debug|Any CPU.Build.0 = Debug|Any CPU
		{43D73558-6220-4BA2-9145-7B5FE36F048F}.Debug|x64.ActiveCfg = Debug|Any CPU
		{43D73558-6220-4BA2-9145-7B5FE36F048F}.Debug|x64.Build.0 = Debug|Any CPU
		{43D73558-6220-4BA2-9145-7B5FE36F048F}.Debug|x86.ActiveCfg = Debug|Any CPU
		{43D73558-6220-4BA2-9145-7B5FE36F048F}.Debug|x86.Build.0 = Debug|Any CPU
		{43D73558-6220-4BA2-9145-7B5FE36F048F}.DebugDevTrace|Any CPU.ActiveCfg = Debug|Any CPU
		{43D73558-6220-4BA2-9145-7B5FE36F048F}.DebugDevTrace|Any CPU.Build.0 = Debug|Any CPU
		{43D73558-6220-4BA2-9145-7B5FE36F048F}.DebugDevTrace|x64.ActiveCfg = Debug|Any CPU
		{43D73558-6220-4BA2-9145-7B5FE36F048F}.DebugDevTrace|x64.Build.0 = Debug|Any CPU
		{43D73558-6220-4BA2-9145-7B5FE36F048F}.DebugDevTrace|x86.ActiveCfg = Debug|Any CPU
		{43D73558-6220-4BA2-9145-7B5FE36F048F}.DebugDevTrace|x86.Build.0 = Debug|Any CPU
		{43D73558-6220-4BA2-9145-7B5FE36F048F}.Release|Any CPU.ActiveCfg = Release|Any CPU
		{43D73558-6220-4BA2-9145-7B5FE36F048F}.Release|Any CPU.Build.0 = Release|Any CPU
		{43D73558-6220-4BA2-9145-7B5FE36F048F}.Release|x64.ActiveCfg = Release|Any CPU
		{43D73558-6220-4BA2-9145-7B5FE36F048F}.Release|x64.Build.0 = Release|Any CPU
		{43D73558-6220-4BA2-9145-7B5FE36F048F}.Release|x86.ActiveCfg = Release|Any CPU
		{43D73558-6220-4BA2-9145-7B5FE36F048F}.Release|x86.Build.0 = Release|Any CPU
		{C516F1CE-DF41-41FB-AB16-C89706FD4656}.Debug|Any CPU.ActiveCfg = Debug|Any CPU
		{C516F1CE-DF41-41FB-AB16-C89706FD4656}.Debug|Any CPU.Build.0 = Debug|Any CPU
		{C516F1CE-DF41-41FB-AB16-C89706FD4656}.Debug|x64.ActiveCfg = Debug|Any CPU
		{C516F1CE-DF41-41FB-AB16-C89706FD4656}.Debug|x64.Build.0 = Debug|Any CPU
		{C516F1CE-DF41-41FB-AB16-C89706FD4656}.Debug|x86.ActiveCfg = Debug|Any CPU
		{C516F1CE-DF41-41FB-AB16-C89706FD4656}.Debug|x86.Build.0 = Debug|Any CPU
		{C516F1CE-DF41-41FB-AB16-C89706FD4656}.DebugDevTrace|Any CPU.ActiveCfg = Debug|Any CPU
		{C516F1CE-DF41-41FB-AB16-C89706FD4656}.DebugDevTrace|Any CPU.Build.0 = Debug|Any CPU
		{C516F1CE-DF41-41FB-AB16-C89706FD4656}.DebugDevTrace|x64.ActiveCfg = Debug|Any CPU
		{C516F1CE-DF41-41FB-AB16-C89706FD4656}.DebugDevTrace|x64.Build.0 = Debug|Any CPU
		{C516F1CE-DF41-41FB-AB16-C89706FD4656}.DebugDevTrace|x86.ActiveCfg = Debug|Any CPU
		{C516F1CE-DF41-41FB-AB16-C89706FD4656}.DebugDevTrace|x86.Build.0 = Debug|Any CPU
		{C516F1CE-DF41-41FB-AB16-C89706FD4656}.Release|Any CPU.ActiveCfg = Release|Any CPU
		{C516F1CE-DF41-41FB-AB16-C89706FD4656}.Release|Any CPU.Build.0 = Release|Any CPU
		{C516F1CE-DF41-41FB-AB16-C89706FD4656}.Release|x64.ActiveCfg = Release|Any CPU
		{C516F1CE-DF41-41FB-AB16-C89706FD4656}.Release|x64.Build.0 = Release|Any CPU
		{C516F1CE-DF41-41FB-AB16-C89706FD4656}.Release|x86.ActiveCfg = Release|Any CPU
		{C516F1CE-DF41-41FB-AB16-C89706FD4656}.Release|x86.Build.0 = Release|Any CPU
		{4CB99C76-734A-4696-A0E0-0BA6A95754C4}.Debug|Any CPU.ActiveCfg = Debug|Any CPU
		{4CB99C76-734A-4696-A0E0-0BA6A95754C4}.Debug|Any CPU.Build.0 = Debug|Any CPU
		{4CB99C76-734A-4696-A0E0-0BA6A95754C4}.Debug|x64.ActiveCfg = Debug|Any CPU
		{4CB99C76-734A-4696-A0E0-0BA6A95754C4}.Debug|x64.Build.0 = Debug|Any CPU
		{4CB99C76-734A-4696-A0E0-0BA6A95754C4}.Debug|x86.ActiveCfg = Debug|Any CPU
		{4CB99C76-734A-4696-A0E0-0BA6A95754C4}.Debug|x86.Build.0 = Debug|Any CPU
		{4CB99C76-734A-4696-A0E0-0BA6A95754C4}.DebugDevTrace|Any CPU.ActiveCfg = Debug|Any CPU
		{4CB99C76-734A-4696-A0E0-0BA6A95754C4}.DebugDevTrace|Any CPU.Build.0 = Debug|Any CPU
		{4CB99C76-734A-4696-A0E0-0BA6A95754C4}.DebugDevTrace|x64.ActiveCfg = Debug|Any CPU
		{4CB99C76-734A-4696-A0E0-0BA6A95754C4}.DebugDevTrace|x64.Build.0 = Debug|Any CPU
		{4CB99C76-734A-4696-A0E0-0BA6A95754C4}.DebugDevTrace|x86.ActiveCfg = Debug|Any CPU
		{4CB99C76-734A-4696-A0E0-0BA6A95754C4}.DebugDevTrace|x86.Build.0 = Debug|Any CPU
		{4CB99C76-734A-4696-A0E0-0BA6A95754C4}.Release|Any CPU.ActiveCfg = Release|Any CPU
		{4CB99C76-734A-4696-A0E0-0BA6A95754C4}.Release|Any CPU.Build.0 = Release|Any CPU
		{4CB99C76-734A-4696-A0E0-0BA6A95754C4}.Release|x64.ActiveCfg = Release|Any CPU
		{4CB99C76-734A-4696-A0E0-0BA6A95754C4}.Release|x64.Build.0 = Release|Any CPU
		{4CB99C76-734A-4696-A0E0-0BA6A95754C4}.Release|x86.ActiveCfg = Release|Any CPU
		{4CB99C76-734A-4696-A0E0-0BA6A95754C4}.Release|x86.Build.0 = Release|Any CPU
		{415D3E3F-7105-46C1-84D2-7ECB34213D92}.Debug|Any CPU.ActiveCfg = Debug|Any CPU
		{415D3E3F-7105-46C1-84D2-7ECB34213D92}.Debug|Any CPU.Build.0 = Debug|Any CPU
		{415D3E3F-7105-46C1-84D2-7ECB34213D92}.Debug|x64.ActiveCfg = Debug|x64
		{415D3E3F-7105-46C1-84D2-7ECB34213D92}.Debug|x64.Build.0 = Debug|x64
		{415D3E3F-7105-46C1-84D2-7ECB34213D92}.Debug|x86.ActiveCfg = Debug|x86
		{415D3E3F-7105-46C1-84D2-7ECB34213D92}.Debug|x86.Build.0 = Debug|x86
		{415D3E3F-7105-46C1-84D2-7ECB34213D92}.DebugDevTrace|Any CPU.ActiveCfg = DebugDevTrace|Any CPU
		{415D3E3F-7105-46C1-84D2-7ECB34213D92}.DebugDevTrace|Any CPU.Build.0 = DebugDevTrace|Any CPU
		{415D3E3F-7105-46C1-84D2-7ECB34213D92}.DebugDevTrace|x64.ActiveCfg = DebugDevTrace|x64
		{415D3E3F-7105-46C1-84D2-7ECB34213D92}.DebugDevTrace|x64.Build.0 = DebugDevTrace|x64
		{415D3E3F-7105-46C1-84D2-7ECB34213D92}.DebugDevTrace|x86.ActiveCfg = DebugDevTrace|x86
		{415D3E3F-7105-46C1-84D2-7ECB34213D92}.DebugDevTrace|x86.Build.0 = DebugDevTrace|x86
		{415D3E3F-7105-46C1-84D2-7ECB34213D92}.Release|Any CPU.ActiveCfg = Release|Any CPU
		{415D3E3F-7105-46C1-84D2-7ECB34213D92}.Release|Any CPU.Build.0 = Release|Any CPU
		{415D3E3F-7105-46C1-84D2-7ECB34213D92}.Release|x64.ActiveCfg = Release|x64
		{415D3E3F-7105-46C1-84D2-7ECB34213D92}.Release|x64.Build.0 = Release|x64
		{415D3E3F-7105-46C1-84D2-7ECB34213D92}.Release|x86.ActiveCfg = Release|x86
		{415D3E3F-7105-46C1-84D2-7ECB34213D92}.Release|x86.Build.0 = Release|x86
	EndGlobalSection
	GlobalSection(SolutionProperties) = preSolution
		HideSolutionNode = FALSE
	EndGlobalSection
	GlobalSection(NestedProjects) = preSolution
		{AD98A5BD-E289-4888-B6C3-62FAD3A3D531} = {0AD324C9-3616-47A1-8A44-8A609C803C31}
		{89098F6A-F0C2-4707-B627-389BE97AED29} = {AD98A5BD-E289-4888-B6C3-62FAD3A3D531}
		{90C96A87-4FF7-4AD1-9F61-0ECE46F7ADDA} = {AD98A5BD-E289-4888-B6C3-62FAD3A3D531}
		{DD03B599-6F8F-4BAF-850A-67F52DBD0920} = {B284D5B9-1693-45D8-A370-1A85C8ABBBB9}
		{43D73558-6220-4BA2-9145-7B5FE36F048F} = {B284D5B9-1693-45D8-A370-1A85C8ABBBB9}
		{C516F1CE-DF41-41FB-AB16-C89706FD4656} = {B284D5B9-1693-45D8-A370-1A85C8ABBBB9}
		{4CB99C76-734A-4696-A0E0-0BA6A95754C4} = {B284D5B9-1693-45D8-A370-1A85C8ABBBB9}
	EndGlobalSection
	GlobalSection(ExtensibilityGlobals) = postSolution
		SolutionGuid = {4B78C875-A1CE-411A-AD07-EEB27455C152}
	EndGlobalSection
	GlobalSection(CodealikeProperties) = postSolution
		SolutionGuid = 76fd5b7f-bb9f-4efd-9116-074e801b9108
	EndGlobalSection
EndGlobal
