
Microsoft Visual Studio Solution File, Format Version 12.00
# Visual Studio 15
VisualStudioVersion = 15.0.27130.2026
MinimumVisualStudioVersion = 10.0.40219.1
Project("{FAE04EC0-301F-11D3-BF4B-00C04F79EFBC}") = "Dsl", "Dsl\Dsl.csproj", "{B77C0323-1B94-4CE4-A416-6316EBCBA81C}"
EndProject
Project("{FAE04EC0-301F-11D3-BF4B-00C04F79EFBC}") = "DslPackage", "DslPackage\DslPackage.csproj", "{AA22BCBD-2B02-4AD1-B8DC-19DFEBFB4436}"
EndProject
Project("{2150E333-8FDC-42A3-9474-1A3956D46DE8}") = "Solution Items", "Solution Items", "{0AD324C9-3616-47A1-8A44-8A609C803C31}"
	ProjectSection(SolutionItems) = preProject
		.gitignore = .gitignore
		..\changelog.txt = ..\changelog.txt
		..\README.md = ..\README.md
		..\TODO.txt = ..\TODO.txt
		..\VSMarketplace blurb.md = ..\VSMarketplace blurb.md
	EndProjectSection
EndProject
Project("{2150E333-8FDC-42A3-9474-1A3956D46DE8}") = "docs", "docs", "{AD98A5BD-E289-4888-B6C3-62FAD3A3D531}"
	ProjectSection(SolutionItems) = preProject
		..\docs\_config.yml = ..\docs\_config.yml
		..\docs\Associations.md = ..\docs\Associations.md
		..\docs\Comments.md = ..\docs\Comments.md
		..\docs\Customizing.md = ..\docs\Customizing.md
		..\docs\Development.md = ..\docs\Development.md
		..\docs\Entities.md = ..\docs\Entities.md
		..\docs\Enumerations.md = ..\docs\Enumerations.md
		..\docs\Features.md = ..\docs\Features.md
		..\docs\Gemfile = ..\docs\Gemfile
		..\docs\Getting-Started.md = ..\docs\Getting-Started.md
		..\docs\Importing.md = ..\docs\Importing.md
		..\docs\index.md = ..\docs\index.md
		..\docs\Inheritance.md = ..\docs\Inheritance.md
		..\docs\Installation.md = ..\docs\Installation.md
		..\docs\Licensing.md = ..\docs\Licensing.md
		..\docs\Properties.md = ..\docs\Properties.md
		..\docs\Templates.md = ..\docs\Templates.md
		..\docs\Using-the-designer.md = ..\docs\Using-the-designer.md
		..\docs\Validations.md = ..\docs\Validations.md
	EndProjectSection
EndProject
Project("{2150E333-8FDC-42A3-9474-1A3956D46DE8}") = "images", "images", "{89098F6A-F0C2-4707-B627-389BE97AED29}"
	ProjectSection(SolutionItems) = preProject
		..\docs\images\AddAddress-1.jpg = ..\docs\images\AddAddress-1.jpg
		..\docs\images\AddAddress-2.jpg = ..\docs\images\AddAddress-2.jpg
		..\docs\images\AddNewItem.jpg = ..\docs\images\AddNewItem.jpg
		..\docs\images\Bidirectional.jpg = ..\docs\images\Bidirectional.jpg
		..\docs\images\Class.jpg = ..\docs\images\Class.jpg
		..\docs\images\Comment.jpg = ..\docs\images\Comment.jpg
		..\docs\images\CommentConnector.jpg = ..\docs\images\CommentConnector.jpg
		..\docs\images\Designer.jpg = ..\docs\images\Designer.jpg
		..\docs\images\DesignerMenu.jpg = ..\docs\images\DesignerMenu.jpg
		..\docs\images\DesignerProperties.jpg = ..\docs\images\DesignerProperties.jpg
		..\docs\images\Entity.jpg = ..\docs\images\Entity.jpg
		..\docs\images\EntityMenu.jpg = ..\docs\images\EntityMenu.jpg
		..\docs\images\EnumMenu.jpg = ..\docs\images\EnumMenu.jpg
		..\docs\images\EnumProperties.jpg = ..\docs\images\EnumProperties.jpg
		..\docs\images\EnumTool.jpg = ..\docs\images\EnumTool.jpg
		..\docs\images\EnumValueMenu.jpg = ..\docs\images\EnumValueMenu.jpg
		..\docs\images\EnumValueProperties.jpg = ..\docs\images\EnumValueProperties.jpg
		..\docs\images\Inheritance.jpg = ..\docs\images\Inheritance.jpg
		..\docs\images\PropertyEditor.jpg = ..\docs\images\PropertyEditor.jpg
		..\docs\images\PropertyMenu.jpg = ..\docs\images\PropertyMenu.jpg
		..\docs\images\PropertyProperties.jpg = ..\docs\images\PropertyProperties.jpg
		..\docs\images\Solution.jpg = ..\docs\images\Solution.jpg
		..\docs\images\Solution2.jpg = ..\docs\images\Solution2.jpg
		..\docs\images\Toolbox.jpg = ..\docs\images\Toolbox.jpg
		..\docs\images\Unidirectional.jpg = ..\docs\images\Unidirectional.jpg
		..\docs\images\ValueEditor.jpg = ..\docs\images\ValueEditor.jpg
	EndProjectSection
EndProject
Project("{2150E333-8FDC-42A3-9474-1A3956D46DE8}") = "_layouts", "_layouts", "{90C96A87-4FF7-4AD1-9F61-0ECE46F7ADDA}"
	ProjectSection(SolutionItems) = preProject
		..\docs\_layouts\default.html = ..\docs\_layouts\default.html
	EndProjectSection
EndProject
Project("{FAE04EC0-301F-11D3-BF4B-00C04F79EFBC}") = "Dsl.Tests", "Dsl.Tests\Dsl.Tests.csproj", "{E6BE334C-26DF-4D6C-90D5-AB80D7881219}"
EndProject
Global
	GlobalSection(SolutionConfigurationPlatforms) = preSolution
		Debug|Any CPU = Debug|Any CPU
		Release|Any CPU = Release|Any CPU
	EndGlobalSection
	GlobalSection(ProjectConfigurationPlatforms) = postSolution
		{B77C0323-1B94-4CE4-A416-6316EBCBA81C}.Debug|Any CPU.ActiveCfg = Debug|Any CPU
		{B77C0323-1B94-4CE4-A416-6316EBCBA81C}.Debug|Any CPU.Build.0 = Debug|Any CPU
		{B77C0323-1B94-4CE4-A416-6316EBCBA81C}.Release|Any CPU.ActiveCfg = Release|Any CPU
		{B77C0323-1B94-4CE4-A416-6316EBCBA81C}.Release|Any CPU.Build.0 = Release|Any CPU
		{AA22BCBD-2B02-4AD1-B8DC-19DFEBFB4436}.Debug|Any CPU.ActiveCfg = Debug|Any CPU
		{AA22BCBD-2B02-4AD1-B8DC-19DFEBFB4436}.Debug|Any CPU.Build.0 = Debug|Any CPU
		{AA22BCBD-2B02-4AD1-B8DC-19DFEBFB4436}.Release|Any CPU.ActiveCfg = Release|Any CPU
		{AA22BCBD-2B02-4AD1-B8DC-19DFEBFB4436}.Release|Any CPU.Build.0 = Release|Any CPU
		{E6BE334C-26DF-4D6C-90D5-AB80D7881219}.Debug|Any CPU.ActiveCfg = Debug|Any CPU
		{E6BE334C-26DF-4D6C-90D5-AB80D7881219}.Release|Any CPU.ActiveCfg = Release|Any CPU
		{E6BE334C-26DF-4D6C-90D5-AB80D7881219}.Release|Any CPU.Build.0 = Release|Any CPU
	EndGlobalSection
	GlobalSection(SolutionProperties) = preSolution
		HideSolutionNode = FALSE
	EndGlobalSection
	GlobalSection(NestedProjects) = preSolution
		{AD98A5BD-E289-4888-B6C3-62FAD3A3D531} = {0AD324C9-3616-47A1-8A44-8A609C803C31}
		{89098F6A-F0C2-4707-B627-389BE97AED29} = {AD98A5BD-E289-4888-B6C3-62FAD3A3D531}
		{90C96A87-4FF7-4AD1-9F61-0ECE46F7ADDA} = {AD98A5BD-E289-4888-B6C3-62FAD3A3D531}
	EndGlobalSection
	GlobalSection(ExtensibilityGlobals) = postSolution
		SolutionGuid = {4B78C875-A1CE-411A-AD07-EEB27455C152}
	EndGlobalSection
	GlobalSection(CodealikeProperties) = postSolution
		SolutionGuid = 76fd5b7f-bb9f-4efd-9116-074e801b9108
	EndGlobalSection
EndGlobal
